schema: '2.0'
stages:
  data_prepare:
    cmd: python -m src.pipeline.p1_data_prepare --config=params.yaml
    deps:
    - path: src/pipeline/p1_data_prepare.py
      hash: md5
      md5: 963d0173a060cd2d798fb372a8f68e1e
      size: 1272
    params:
      params.yaml:
        base:
          random_state: 42
        data_load:
          dataset_prepare: data/processed/prepare_beans.csv
    outs:
    - path: data/processed/prepare_beans.csv
      hash: md5
      md5: d82a3c760aeb33e7c946dea9ab3f2aad
      size: 2482598
  featurize:
    cmd: python -m src.pipeline.p2_featurize --config=params.yaml
    deps:
    - path: data/processed/prepare_beans.csv
      hash: md5
      md5: d82a3c760aeb33e7c946dea9ab3f2aad
      size: 2482598
    - path: src/pipeline/p2_featurize.py
      hash: md5
      md5: 18c1ccdeddc280a39665efe1bfb1fa3c
      size: 1749
    params:
      params.yaml:
        base:
          random_state: 42
        data_load:
          dataset_prepare: data/processed/prepare_beans.csv
        featurize:
          features_path: data/processed/featured_beans.csv
          encoder_path: encoder/encoder.joblib
    outs:
    - path: data/processed/featured_beans.csv
      hash: md5
      md5: 9373101acd443a148b5881fea00585d9
      size: 1901468
    - path: encoder/encoder.joblib
      hash: md5
      md5: d0336c2e591a3526d16684fce3b0edce
      size: 607
  data_split:
    cmd: python -m src.pipeline.p3_data_split --config=params.yaml
    deps:
    - path: data/processed/featured_beans.csv
      hash: md5
      md5: 9373101acd443a148b5881fea00585d9
      size: 1901468
    - path: src/pipeline/p3_data_split.py
      hash: md5
      md5: 3f0c7ce6d0078b22b077a9356300b74a
      size: 1819
    params:
      params.yaml:
        base:
          random_state: 42
        data_load:
          dataset_prepare: data/processed/prepare_beans.csv
        data_split:
          test_size: 0.2
          trainset_path: data/processed/train_beans.csv
          testset_path: data/processed/test_beans.csv
        featurize:
          features_path: data/processed/featured_beans.csv
          encoder_path: encoder/encoder.joblib
    outs:
    - path: data/processed/test_beans.csv
      hash: md5
      md5: 85c50fe0135c12d4ce265a230736e2e9
      size: 650128
    - path: data/processed/train_beans.csv
      hash: md5
      md5: fee09d34ea4a5099bd41deffd4e04ea1
      size: 2599624
  train:
    cmd: python -m src.pipeline.p4_train --config=params.yaml
    deps:
    - path: data/processed/train_beans.csv
      hash: md5
      md5: fee09d34ea4a5099bd41deffd4e04ea1
      size: 2599624
    - path: src/pipeline/p4_train.py
      hash: md5
      md5: dfbff597441334158ec06c0ee760fcc6
      size: 1620
    params:
      params.yaml:
        base:
          random_state: 42
        data_split.trainset_path: data/processed/train_beans.csv
        train:
          model_path: models/model.joblib
    outs:
    - path: models/model.joblib
      hash: md5
      md5: 198051d80f150f60dbfeafe797119e0d
      size: 458491
  evaluate:
    cmd: python -m src.pipeline.p5_evaluate --config=params.yaml
    deps:
    - path: data/processed/test_beans.csv
      hash: md5
      md5: 85c50fe0135c12d4ce265a230736e2e9
      size: 650128
    - path: encoder/encoder.joblib
      hash: md5
      md5: d0336c2e591a3526d16684fce3b0edce
      size: 607
    - path: models/model.joblib
      hash: md5
      md5: 198051d80f150f60dbfeafe797119e0d
      size: 458491
    - path: src/pipeline/p5_evaluate.py
      hash: md5
      md5: 96bdc253e90cb1c4686ee085402cfe74
      size: 2230
    params:
      params.yaml:
        base:
          random_state: 42
        data_split.testset_path: data/processed/test_beans.csv
        evaluate:
          reports_dir: reports
          metrics_file: metrics.json
        featurize.encoder_path: encoder/encoder.joblib
    outs:
    - path: reports/metrics.json
      hash: md5
      md5: 79a05d7b935049600ae4f1213d71fe1f
      size: 1120
